
Microsoft Visual Studio Solution File, Format Version 12.00
# Visual Studio Version 17
VisualStudioVersion = 17.8.34525.116
MinimumVisualStudioVersion = 10.0.40219.1
Project("{F184B08F-C81C-45F6-A57F-5ABD9991F28F}") = "MyLab1", "MyLab1.vbproj", "{66F35F21-EF22-4ED4-88A6-0BD5DCE2837A}"
EndProject
Global
	GlobalSection(SolutionConfigurationPlatforms) = preSolution
		Debug|Any CPU = Debug|Any CPU
		Release|Any CPU = Release|Any CPU
	EndGlobalSection
	GlobalSection(ProjectConfigurationPlatforms) = postSolution
		{66F35F21-EF22-4ED4-88A6-0BD5DCE2837A}.Debug|Any CPU.ActiveCfg = Debug|Any CPU
		{66F35F21-EF22-4ED4-88A6-0BD5DCE2837A}.Debug|Any CPU.Build.0 = Debug|Any CPU
		{66F35F21-EF22-4ED4-88A6-0BD5DCE2837A}.Release|Any CPU.ActiveCfg = Release|Any CPU
		{66F35F21-EF22-4ED4-88A6-0BD5DCE2837A}.Release|Any CPU.Build.0 = Release|Any CPU
	EndGlobalSection
	GlobalSection(SolutionProperties) = preSolution
		HideSolutionNode = FALSE
	EndGlobalSection
	GlobalSection(ExtensibilityGlobals) = postSolution
		SolutionGuid = {C290F523-CD32-4FC5-8FDE-BBE05B683C3E}
	EndGlobalSection
EndGlobal
